
Microsoft Visual Studio Solution File, Format Version 12.00
# Visual Studio Version 16
VisualStudioVersion = 16.0.28803.452
MinimumVisualStudioVersion = 10.0.40219.1
Project("{FAE04EC0-301F-11D3-BF4B-00C04F79EFBC}") = "Order", "Order\Order.csproj", "{AA85A806-9E0D-4812-8290-9B6C1E0F75CA}"
EndProject
Project("{FAE04EC0-301F-11D3-BF4B-00C04F79EFBC}") = "Helper", "Helper\Helper.csproj", "{1EE1CF4F-635D-4D5B-87A7-7168F235C939}"
EndProject
Global
	GlobalSection(SolutionConfigurationPlatforms) = preSolution
		Debug|Any CPU = Debug|Any CPU
		Release|Any CPU = Release|Any CPU
	EndGlobalSection
	GlobalSection(ProjectConfigurationPlatforms) = postSolution
		{AA85A806-9E0D-4812-8290-9B6C1E0F75CA}.Debug|Any CPU.ActiveCfg = Debug|Any CPU
		{AA85A806-9E0D-4812-8290-9B6C1E0F75CA}.Debug|Any CPU.Build.0 = Debug|Any CPU
		{AA85A806-9E0D-4812-8290-9B6C1E0F75CA}.Release|Any CPU.ActiveCfg = Release|Any CPU
		{AA85A806-9E0D-4812-8290-9B6C1E0F75CA}.Release|Any CPU.Build.0 = Release|Any CPU
		{1EE1CF4F-635D-4D5B-87A7-7168F235C939}.Debug|Any CPU.ActiveCfg = Debug|Any CPU
		{1EE1CF4F-635D-4D5B-87A7-7168F235C939}.Debug|Any CPU.Build.0 = Debug|Any CPU
		{1EE1CF4F-635D-4D5B-87A7-7168F235C939}.Release|Any CPU.ActiveCfg = Release|Any CPU
		{1EE1CF4F-635D-4D5B-87A7-7168F235C939}.Release|Any CPU.Build.0 = Release|Any CPU
	EndGlobalSection
	GlobalSection(SolutionProperties) = preSolution
		HideSolutionNode = FALSE
	EndGlobalSection
	GlobalSection(ExtensibilityGlobals) = postSolution
		SolutionGuid = {5D648451-A7C8-4A51-A2B2-DC3F112A9C04}
	EndGlobalSection
EndGlobal
